
Microsoft Visual Studio Solution File, Format Version 12.00
# Visual Studio 15
VisualStudioVersion = 15.0.28010.2026
MinimumVisualStudioVersion = 10.0.40219.1
Project("{FAE04EC0-301F-11D3-BF4B-00C04F79EFBC}") = "Grouping_maps.Android", "Grouping_maps\Grouping_maps.Android\Grouping_maps.Android.csproj", "{0B3998C9-6A27-4FD2-81AA-684E2A614DA7}"
EndProject
Project("{FAE04EC0-301F-11D3-BF4B-00C04F79EFBC}") = "Grouping_maps.iOS", "Grouping_maps\Grouping_maps.iOS\Grouping_maps.iOS.csproj", "{FEB56E7E-24FD-4E66-83A8-E1880C7F098B}"
EndProject
Project("{FAE04EC0-301F-11D3-BF4B-00C04F79EFBC}") = "Grouping_maps.UWP", "Grouping_maps\Grouping_maps.UWP\Grouping_maps.UWP.csproj", "{1FFA0F26-5B4D-4C1B-9FDB-E1FB13B8EB9E}"
EndProject
Project("{FAE04EC0-301F-11D3-BF4B-00C04F79EFBC}") = "Grouping_maps", "Grouping_maps\Grouping_maps\Grouping_maps.csproj", "{C7CD7918-5313-41BB-832C-6BAE27E3ECBA}"
EndProject
Global
	GlobalSection(SolutionConfigurationPlatforms) = preSolution
		Ad-Hoc|Any CPU = Ad-Hoc|Any CPU
		Ad-Hoc|ARM = Ad-Hoc|ARM
		Ad-Hoc|iPhone = Ad-Hoc|iPhone
		Ad-Hoc|iPhoneSimulator = Ad-Hoc|iPhoneSimulator
		Ad-Hoc|x64 = Ad-Hoc|x64
		Ad-Hoc|x86 = Ad-Hoc|x86
		AppStore|Any CPU = AppStore|Any CPU
		AppStore|ARM = AppStore|ARM
		AppStore|iPhone = AppStore|iPhone
		AppStore|iPhoneSimulator = AppStore|iPhoneSimulator
		AppStore|x64 = AppStore|x64
		AppStore|x86 = AppStore|x86
		Debug|Any CPU = Debug|Any CPU
		Debug|ARM = Debug|ARM
		Debug|iPhone = Debug|iPhone
		Debug|iPhoneSimulator = Debug|iPhoneSimulator
		Debug|x64 = Debug|x64
		Debug|x86 = Debug|x86
		Release|Any CPU = Release|Any CPU
		Release|ARM = Release|ARM
		Release|iPhone = Release|iPhone
		Release|iPhoneSimulator = Release|iPhoneSimulator
		Release|x64 = Release|x64
		Release|x86 = Release|x86
	EndGlobalSection
	GlobalSection(ProjectConfigurationPlatforms) = postSolution
		{0B3998C9-6A27-4FD2-81AA-684E2A614DA7}.Ad-Hoc|Any CPU.ActiveCfg = Release|Any CPU
		{0B3998C9-6A27-4FD2-81AA-684E2A614DA7}.Ad-Hoc|Any CPU.Build.0 = Release|Any CPU
		{0B3998C9-6A27-4FD2-81AA-684E2A614DA7}.Ad-Hoc|Any CPU.Deploy.0 = Release|Any CPU
		{0B3998C9-6A27-4FD2-81AA-684E2A614DA7}.Ad-Hoc|ARM.ActiveCfg = Release|Any CPU
		{0B3998C9-6A27-4FD2-81AA-684E2A614DA7}.Ad-Hoc|ARM.Build.0 = Release|Any CPU
		{0B3998C9-6A27-4FD2-81AA-684E2A614DA7}.Ad-Hoc|ARM.Deploy.0 = Release|Any CPU
		{0B3998C9-6A27-4FD2-81AA-684E2A614DA7}.Ad-Hoc|iPhone.ActiveCfg = Release|Any CPU
		{0B3998C9-6A27-4FD2-81AA-684E2A614DA7}.Ad-Hoc|iPhone.Build.0 = Release|Any CPU
		{0B3998C9-6A27-4FD2-81AA-684E2A614DA7}.Ad-Hoc|iPhone.Deploy.0 = Release|Any CPU
		{0B3998C9-6A27-4FD2-81AA-684E2A614DA7}.Ad-Hoc|iPhoneSimulator.ActiveCfg = Release|Any CPU
		{0B3998C9-6A27-4FD2-81AA-684E2A614DA7}.Ad-Hoc|iPhoneSimulator.Build.0 = Release|Any CPU
		{0B3998C9-6A27-4FD2-81AA-684E2A614DA7}.Ad-Hoc|iPhoneSimulator.Deploy.0 = Release|Any CPU
		{0B3998C9-6A27-4FD2-81AA-684E2A614DA7}.Ad-Hoc|x64.ActiveCfg = Release|Any CPU
		{0B3998C9-6A27-4FD2-81AA-684E2A614DA7}.Ad-Hoc|x64.Build.0 = Release|Any CPU
		{0B3998C9-6A27-4FD2-81AA-684E2A614DA7}.Ad-Hoc|x64.Deploy.0 = Release|Any CPU
		{0B3998C9-6A27-4FD2-81AA-684E2A614DA7}.Ad-Hoc|x86.ActiveCfg = Release|Any CPU
		{0B3998C9-6A27-4FD2-81AA-684E2A614DA7}.Ad-Hoc|x86.Build.0 = Release|Any CPU
		{0B3998C9-6A27-4FD2-81AA-684E2A614DA7}.Ad-Hoc|x86.Deploy.0 = Release|Any CPU
		{0B3998C9-6A27-4FD2-81AA-684E2A614DA7}.AppStore|Any CPU.ActiveCfg = Release|Any CPU
		{0B3998C9-6A27-4FD2-81AA-684E2A614DA7}.AppStore|Any CPU.Build.0 = Release|Any CPU
		{0B3998C9-6A27-4FD2-81AA-684E2A614DA7}.AppStore|Any CPU.Deploy.0 = Release|Any CPU
		{0B3998C9-6A27-4FD2-81AA-684E2A614DA7}.AppStore|ARM.ActiveCfg = Release|Any CPU
		{0B3998C9-6A27-4FD2-81AA-684E2A614DA7}.AppStore|ARM.Build.0 = Release|Any CPU
		{0B3998C9-6A27-4FD2-81AA-684E2A614DA7}.AppStore|ARM.Deploy.0 = Release|Any CPU
		{0B3998C9-6A27-4FD2-81AA-684E2A614DA7}.AppStore|iPhone.ActiveCfg = Release|Any CPU
		{0B3998C9-6A27-4FD2-81AA-684E2A614DA7}.AppStore|iPhone.Build.0 = Release|Any CPU
		{0B3998C9-6A27-4FD2-81AA-684E2A614DA7}.AppStore|iPhone.Deploy.0 = Release|Any CPU
		{0B3998C9-6A27-4FD2-81AA-684E2A614DA7}.AppStore|iPhoneSimulator.ActiveCfg = Release|Any CPU
		{0B3998C9-6A27-4FD2-81AA-684E2A614DA7}.AppStore|iPhoneSimulator.Build.0 = Release|Any CPU
		{0B3998C9-6A27-4FD2-81AA-684E2A614DA7}.AppStore|iPhoneSimulator.Deploy.0 = Release|Any CPU
		{0B3998C9-6A27-4FD2-81AA-684E2A614DA7}.AppStore|x64.ActiveCfg = Release|Any CPU
		{0B3998C9-6A27-4FD2-81AA-684E2A614DA7}.AppStore|x64.Build.0 = Release|Any CPU
		{0B3998C9-6A27-4FD2-81AA-684E2A614DA7}.AppStore|x64.Deploy.0 = Release|Any CPU
		{0B3998C9-6A27-4FD2-81AA-684E2A614DA7}.AppStore|x86.ActiveCfg = Release|Any CPU
		{0B3998C9-6A27-4FD2-81AA-684E2A614DA7}.AppStore|x86.Build.0 = Release|Any CPU
		{0B3998C9-6A27-4FD2-81AA-684E2A614DA7}.AppStore|x86.Deploy.0 = Release|Any CPU
		{0B3998C9-6A27-4FD2-81AA-684E2A614DA7}.Debug|Any CPU.ActiveCfg = Debug|Any CPU
		{0B3998C9-6A27-4FD2-81AA-684E2A614DA7}.Debug|Any CPU.Build.0 = Debug|Any CPU
		{0B3998C9-6A27-4FD2-81AA-684E2A614DA7}.Debug|Any CPU.Deploy.0 = Debug|Any CPU
		{0B3998C9-6A27-4FD2-81AA-684E2A614DA7}.Debug|ARM.ActiveCfg = Debug|Any CPU
		{0B3998C9-6A27-4FD2-81AA-684E2A614DA7}.Debug|ARM.Build.0 = Debug|Any CPU
		{0B3998C9-6A27-4FD2-81AA-684E2A614DA7}.Debug|ARM.Deploy.0 = Debug|Any CPU
		{0B3998C9-6A27-4FD2-81AA-684E2A614DA7}.Debug|iPhone.ActiveCfg = Debug|Any CPU
		{0B3998C9-6A27-4FD2-81AA-684E2A614DA7}.Debug|iPhone.Build.0 = Debug|Any CPU
		{0B3998C9-6A27-4FD2-81AA-684E2A614DA7}.Debug|iPhone.Deploy.0 = Debug|Any CPU
		{0B3998C9-6A27-4FD2-81AA-684E2A614DA7}.Debug|iPhoneSimulator.ActiveCfg = Debug|Any CPU
		{0B3998C9-6A27-4FD2-81AA-684E2A614DA7}.Debug|iPhoneSimulator.Build.0 = Debug|Any CPU
		{0B3998C9-6A27-4FD2-81AA-684E2A614DA7}.Debug|iPhoneSimulator.Deploy.0 = Debug|Any CPU
		{0B3998C9-6A27-4FD2-81AA-684E2A614DA7}.Debug|x64.ActiveCfg = Debug|Any CPU
		{0B3998C9-6A27-4FD2-81AA-684E2A614DA7}.Debug|x64.Build.0 = Debug|Any CPU
		{0B3998C9-6A27-4FD2-81AA-684E2A614DA7}.Debug|x64.Deploy.0 = Debug|Any CPU
		{0B3998C9-6A27-4FD2-81AA-684E2A614DA7}.Debug|x86.ActiveCfg = Debug|Any CPU
		{0B3998C9-6A27-4FD2-81AA-684E2A614DA7}.Debug|x86.Build.0 = Debug|Any CPU
		{0B3998C9-6A27-4FD2-81AA-684E2A614DA7}.Debug|x86.Deploy.0 = Debug|Any CPU
		{0B3998C9-6A27-4FD2-81AA-684E2A614DA7}.Release|Any CPU.ActiveCfg = Release|Any CPU
		{0B3998C9-6A27-4FD2-81AA-684E2A614DA7}.Release|Any CPU.Build.0 = Release|Any CPU
		{0B3998C9-6A27-4FD2-81AA-684E2A614DA7}.Release|Any CPU.Deploy.0 = Release|Any CPU
		{0B3998C9-6A27-4FD2-81AA-684E2A614DA7}.Release|ARM.ActiveCfg = Release|Any CPU
		{0B3998C9-6A27-4FD2-81AA-684E2A614DA7}.Release|ARM.Build.0 = Release|Any CPU
		{0B3998C9-6A27-4FD2-81AA-684E2A614DA7}.Release|ARM.Deploy.0 = Release|Any CPU
		{0B3998C9-6A27-4FD2-81AA-684E2A614DA7}.Release|iPhone.ActiveCfg = Release|Any CPU
		{0B3998C9-6A27-4FD2-81AA-684E2A614DA7}.Release|iPhone.Build.0 = Release|Any CPU
		{0B3998C9-6A27-4FD2-81AA-684E2A614DA7}.Release|iPhone.Deploy.0 = Release|Any CPU
		{0B3998C9-6A27-4FD2-81AA-684E2A614DA7}.Release|iPhoneSimulator.ActiveCfg = Release|Any CPU
		{0B3998C9-6A27-4FD2-81AA-684E2A614DA7}.Release|iPhoneSimulator.Build.0 = Release|Any CPU
		{0B3998C9-6A27-4FD2-81AA-684E2A614DA7}.Release|iPhoneSimulator.Deploy.0 = Release|Any CPU
		{0B3998C9-6A27-4FD2-81AA-684E2A614DA7}.Release|x64.ActiveCfg = Release|Any CPU
		{0B3998C9-6A27-4FD2-81AA-684E2A614DA7}.Release|x64.Build.0 = Release|Any CPU
		{0B3998C9-6A27-4FD2-81AA-684E2A614DA7}.Release|x64.Deploy.0 = Release|Any CPU
		{0B3998C9-6A27-4FD2-81AA-684E2A614DA7}.Release|x86.ActiveCfg = Release|Any CPU
		{0B3998C9-6A27-4FD2-81AA-684E2A614DA7}.Release|x86.Build.0 = Release|Any CPU
		{0B3998C9-6A27-4FD2-81AA-684E2A614DA7}.Release|x86.Deploy.0 = Release|Any CPU
		{FEB56E7E-24FD-4E66-83A8-E1880C7F098B}.Ad-Hoc|Any CPU.ActiveCfg = Ad-Hoc|iPhone
		{FEB56E7E-24FD-4E66-83A8-E1880C7F098B}.Ad-Hoc|Any CPU.Build.0 = Ad-Hoc|iPhone
		{FEB56E7E-24FD-4E66-83A8-E1880C7F098B}.Ad-Hoc|Any CPU.Deploy.0 = Ad-Hoc|iPhone
		{FEB56E7E-24FD-4E66-83A8-E1880C7F098B}.Ad-Hoc|ARM.ActiveCfg = Ad-Hoc|iPhone
		{FEB56E7E-24FD-4E66-83A8-E1880C7F098B}.Ad-Hoc|ARM.Build.0 = Ad-Hoc|iPhone
		{FEB56E7E-24FD-4E66-83A8-E1880C7F098B}.Ad-Hoc|ARM.Deploy.0 = Ad-Hoc|iPhone
		{FEB56E7E-24FD-4E66-83A8-E1880C7F098B}.Ad-Hoc|iPhone.ActiveCfg = Ad-Hoc|iPhone
		{FEB56E7E-24FD-4E66-83A8-E1880C7F098B}.Ad-Hoc|iPhone.Build.0 = Ad-Hoc|iPhone
		{FEB56E7E-24FD-4E66-83A8-E1880C7F098B}.Ad-Hoc|iPhone.Deploy.0 = Ad-Hoc|iPhone
		{FEB56E7E-24FD-4E66-83A8-E1880C7F098B}.Ad-Hoc|iPhoneSimulator.ActiveCfg = Ad-Hoc|iPhoneSimulator
		{FEB56E7E-24FD-4E66-83A8-E1880C7F098B}.Ad-Hoc|iPhoneSimulator.Build.0 = Ad-Hoc|iPhoneSimulator
		{FEB56E7E-24FD-4E66-83A8-E1880C7F098B}.Ad-Hoc|iPhoneSimulator.Deploy.0 = Ad-Hoc|iPhoneSimulator
		{FEB56E7E-24FD-4E66-83A8-E1880C7F098B}.Ad-Hoc|x64.ActiveCfg = Ad-Hoc|iPhone
		{FEB56E7E-24FD-4E66-83A8-E1880C7F098B}.Ad-Hoc|x64.Build.0 = Ad-Hoc|iPhone
		{FEB56E7E-24FD-4E66-83A8-E1880C7F098B}.Ad-Hoc|x64.Deploy.0 = Ad-Hoc|iPhone
		{FEB56E7E-24FD-4E66-83A8-E1880C7F098B}.Ad-Hoc|x86.ActiveCfg = Ad-Hoc|iPhone
		{FEB56E7E-24FD-4E66-83A8-E1880C7F098B}.Ad-Hoc|x86.Build.0 = Ad-Hoc|iPhone
		{FEB56E7E-24FD-4E66-83A8-E1880C7F098B}.Ad-Hoc|x86.Deploy.0 = Ad-Hoc|iPhone
		{FEB56E7E-24FD-4E66-83A8-E1880C7F098B}.AppStore|Any CPU.ActiveCfg = AppStore|iPhone
		{FEB56E7E-24FD-4E66-83A8-E1880C7F098B}.AppStore|Any CPU.Build.0 = AppStore|iPhone
		{FEB56E7E-24FD-4E66-83A8-E1880C7F098B}.AppStore|Any CPU.Deploy.0 = AppStore|iPhone
		{FEB56E7E-24FD-4E66-83A8-E1880C7F098B}.AppStore|ARM.ActiveCfg = AppStore|iPhone
		{FEB56E7E-24FD-4E66-83A8-E1880C7F098B}.AppStore|ARM.Build.0 = AppStore|iPhone
		{FEB56E7E-24FD-4E66-83A8-E1880C7F098B}.AppStore|ARM.Deploy.0 = AppStore|iPhone
		{FEB56E7E-24FD-4E66-83A8-E1880C7F098B}.AppStore|iPhone.ActiveCfg = AppStore|iPhone
		{FEB56E7E-24FD-4E66-83A8-E1880C7F098B}.AppStore|iPhone.Build.0 = AppStore|iPhone
		{FEB56E7E-24FD-4E66-83A8-E1880C7F098B}.AppStore|iPhone.Deploy.0 = AppStore|iPhone
		{FEB56E7E-24FD-4E66-83A8-E1880C7F098B}.AppStore|iPhoneSimulator.ActiveCfg = AppStore|iPhoneSimulator
		{FEB56E7E-24FD-4E66-83A8-E1880C7F098B}.AppStore|iPhoneSimulator.Build.0 = AppStore|iPhoneSimulator
		{FEB56E7E-24FD-4E66-83A8-E1880C7F098B}.AppStore|iPhoneSimulator.Deploy.0 = AppStore|iPhoneSimulator
		{FEB56E7E-24FD-4E66-83A8-E1880C7F098B}.AppStore|x64.ActiveCfg = AppStore|iPhone
		{FEB56E7E-24FD-4E66-83A8-E1880C7F098B}.AppStore|x64.Build.0 = AppStore|iPhone
		{FEB56E7E-24FD-4E66-83A8-E1880C7F098B}.AppStore|x64.Deploy.0 = AppStore|iPhone
		{FEB56E7E-24FD-4E66-83A8-E1880C7F098B}.AppStore|x86.ActiveCfg = AppStore|iPhone
		{FEB56E7E-24FD-4E66-83A8-E1880C7F098B}.AppStore|x86.Build.0 = AppStore|iPhone
		{FEB56E7E-24FD-4E66-83A8-E1880C7F098B}.AppStore|x86.Deploy.0 = AppStore|iPhone
		{FEB56E7E-24FD-4E66-83A8-E1880C7F098B}.Debug|Any CPU.ActiveCfg = Debug|iPhoneSimulator
		{FEB56E7E-24FD-4E66-83A8-E1880C7F098B}.Debug|Any CPU.Build.0 = Debug|iPhoneSimulator
		{FEB56E7E-24FD-4E66-83A8-E1880C7F098B}.Debug|Any CPU.Deploy.0 = Debug|iPhoneSimulator
		{FEB56E7E-24FD-4E66-83A8-E1880C7F098B}.Debug|ARM.ActiveCfg = Debug|iPhone
		{FEB56E7E-24FD-4E66-83A8-E1880C7F098B}.Debug|ARM.Build.0 = Debug|iPhone
		{FEB56E7E-24FD-4E66-83A8-E1880C7F098B}.Debug|ARM.Deploy.0 = Debug|iPhone
		{FEB56E7E-24FD-4E66-83A8-E1880C7F098B}.Debug|iPhone.ActiveCfg = Debug|iPhone
		{FEB56E7E-24FD-4E66-83A8-E1880C7F098B}.Debug|iPhone.Build.0 = Debug|iPhone
		{FEB56E7E-24FD-4E66-83A8-E1880C7F098B}.Debug|iPhone.Deploy.0 = Debug|iPhone
		{FEB56E7E-24FD-4E66-83A8-E1880C7F098B}.Debug|iPhoneSimulator.ActiveCfg = Debug|iPhoneSimulator
		{FEB56E7E-24FD-4E66-83A8-E1880C7F098B}.Debug|iPhoneSimulator.Build.0 = Debug|iPhoneSimulator
		{FEB56E7E-24FD-4E66-83A8-E1880C7F098B}.Debug|iPhoneSimulator.Deploy.0 = Debug|iPhoneSimulator
		{FEB56E7E-24FD-4E66-83A8-E1880C7F098B}.Debug|x64.ActiveCfg = Debug|iPhone
		{FEB56E7E-24FD-4E66-83A8-E1880C7F098B}.Debug|x64.Build.0 = Debug|iPhone
		{FEB56E7E-24FD-4E66-83A8-E1880C7F098B}.Debug|x64.Deploy.0 = Debug|iPhone
		{FEB56E7E-24FD-4E66-83A8-E1880C7F098B}.Debug|x86.ActiveCfg = Debug|iPhone
		{FEB56E7E-24FD-4E66-83A8-E1880C7F098B}.Debug|x86.Build.0 = Debug|iPhone
		{FEB56E7E-24FD-4E66-83A8-E1880C7F098B}.Debug|x86.Deploy.0 = Debug|iPhone
		{FEB56E7E-24FD-4E66-83A8-E1880C7F098B}.Release|Any CPU.ActiveCfg = Release|iPhone
		{FEB56E7E-24FD-4E66-83A8-E1880C7F098B}.Release|Any CPU.Build.0 = Release|iPhone
		{FEB56E7E-24FD-4E66-83A8-E1880C7F098B}.Release|Any CPU.Deploy.0 = Release|iPhone
		{FEB56E7E-24FD-4E66-83A8-E1880C7F098B}.Release|ARM.ActiveCfg = Release|iPhone
		{FEB56E7E-24FD-4E66-83A8-E1880C7F098B}.Release|ARM.Build.0 = Release|iPhone
		{FEB56E7E-24FD-4E66-83A8-E1880C7F098B}.Release|ARM.Deploy.0 = Release|iPhone
		{FEB56E7E-24FD-4E66-83A8-E1880C7F098B}.Release|iPhone.ActiveCfg = Release|iPhone
		{FEB56E7E-24FD-4E66-83A8-E1880C7F098B}.Release|iPhone.Build.0 = Release|iPhone
		{FEB56E7E-24FD-4E66-83A8-E1880C7F098B}.Release|iPhone.Deploy.0 = Release|iPhone
		{FEB56E7E-24FD-4E66-83A8-E1880C7F098B}.Release|iPhoneSimulator.ActiveCfg = Release|iPhoneSimulator
		{FEB56E7E-24FD-4E66-83A8-E1880C7F098B}.Release|iPhoneSimulator.Build.0 = Release|iPhoneSimulator
		{FEB56E7E-24FD-4E66-83A8-E1880C7F098B}.Release|iPhoneSimulator.Deploy.0 = Release|iPhoneSimulator
		{FEB56E7E-24FD-4E66-83A8-E1880C7F098B}.Release|x64.ActiveCfg = Release|iPhone
		{FEB56E7E-24FD-4E66-83A8-E1880C7F098B}.Release|x64.Build.0 = Release|iPhone
		{FEB56E7E-24FD-4E66-83A8-E1880C7F098B}.Release|x64.Deploy.0 = Release|iPhone
		{FEB56E7E-24FD-4E66-83A8-E1880C7F098B}.Release|x86.ActiveCfg = Release|iPhone
		{FEB56E7E-24FD-4E66-83A8-E1880C7F098B}.Release|x86.Build.0 = Release|iPhone
		{FEB56E7E-24FD-4E66-83A8-E1880C7F098B}.Release|x86.Deploy.0 = Release|iPhone
		{1FFA0F26-5B4D-4C1B-9FDB-E1FB13B8EB9E}.Ad-Hoc|Any CPU.ActiveCfg = Release|x86
		{1FFA0F26-5B4D-4C1B-9FDB-E1FB13B8EB9E}.Ad-Hoc|Any CPU.Build.0 = Release|x86
		{1FFA0F26-5B4D-4C1B-9FDB-E1FB13B8EB9E}.Ad-Hoc|Any CPU.Deploy.0 = Release|x86
		{1FFA0F26-5B4D-4C1B-9FDB-E1FB13B8EB9E}.Ad-Hoc|ARM.ActiveCfg = Release|ARM
		{1FFA0F26-5B4D-4C1B-9FDB-E1FB13B8EB9E}.Ad-Hoc|ARM.Build.0 = Release|ARM
		{1FFA0F26-5B4D-4C1B-9FDB-E1FB13B8EB9E}.Ad-Hoc|ARM.Deploy.0 = Release|ARM
		{1FFA0F26-5B4D-4C1B-9FDB-E1FB13B8EB9E}.Ad-Hoc|iPhone.ActiveCfg = Release|x86
		{1FFA0F26-5B4D-4C1B-9FDB-E1FB13B8EB9E}.Ad-Hoc|iPhone.Build.0 = Release|x86
		{1FFA0F26-5B4D-4C1B-9FDB-E1FB13B8EB9E}.Ad-Hoc|iPhone.Deploy.0 = Release|x86
		{1FFA0F26-5B4D-4C1B-9FDB-E1FB13B8EB9E}.Ad-Hoc|iPhoneSimulator.ActiveCfg = Release|x86
		{1FFA0F26-5B4D-4C1B-9FDB-E1FB13B8EB9E}.Ad-Hoc|iPhoneSimulator.Build.0 = Release|x86
		{1FFA0F26-5B4D-4C1B-9FDB-E1FB13B8EB9E}.Ad-Hoc|iPhoneSimulator.Deploy.0 = Release|x86
		{1FFA0F26-5B4D-4C1B-9FDB-E1FB13B8EB9E}.Ad-Hoc|x64.ActiveCfg = Release|x64
		{1FFA0F26-5B4D-4C1B-9FDB-E1FB13B8EB9E}.Ad-Hoc|x64.Build.0 = Release|x64
		{1FFA0F26-5B4D-4C1B-9FDB-E1FB13B8EB9E}.Ad-Hoc|x64.Deploy.0 = Release|x64
		{1FFA0F26-5B4D-4C1B-9FDB-E1FB13B8EB9E}.Ad-Hoc|x86.ActiveCfg = Release|x86
		{1FFA0F26-5B4D-4C1B-9FDB-E1FB13B8EB9E}.Ad-Hoc|x86.Build.0 = Release|x86
		{1FFA0F26-5B4D-4C1B-9FDB-E1FB13B8EB9E}.Ad-Hoc|x86.Deploy.0 = Release|x86
		{1FFA0F26-5B4D-4C1B-9FDB-E1FB13B8EB9E}.AppStore|Any CPU.ActiveCfg = Release|x86
		{1FFA0F26-5B4D-4C1B-9FDB-E1FB13B8EB9E}.AppStore|Any CPU.Build.0 = Release|x86
		{1FFA0F26-5B4D-4C1B-9FDB-E1FB13B8EB9E}.AppStore|Any CPU.Deploy.0 = Release|x86
		{1FFA0F26-5B4D-4C1B-9FDB-E1FB13B8EB9E}.AppStore|ARM.ActiveCfg = Release|ARM
		{1FFA0F26-5B4D-4C1B-9FDB-E1FB13B8EB9E}.AppStore|ARM.Build.0 = Release|ARM
		{1FFA0F26-5B4D-4C1B-9FDB-E1FB13B8EB9E}.AppStore|ARM.Deploy.0 = Release|ARM
		{1FFA0F26-5B4D-4C1B-9FDB-E1FB13B8EB9E}.AppStore|iPhone.ActiveCfg = Release|x86
		{1FFA0F26-5B4D-4C1B-9FDB-E1FB13B8EB9E}.AppStore|iPhone.Build.0 = Release|x86
		{1FFA0F26-5B4D-4C1B-9FDB-E1FB13B8EB9E}.AppStore|iPhone.Deploy.0 = Release|x86
		{1FFA0F26-5B4D-4C1B-9FDB-E1FB13B8EB9E}.AppStore|iPhoneSimulator.ActiveCfg = Release|x86
		{1FFA0F26-5B4D-4C1B-9FDB-E1FB13B8EB9E}.AppStore|iPhoneSimulator.Build.0 = Release|x86
		{1FFA0F26-5B4D-4C1B-9FDB-E1FB13B8EB9E}.AppStore|iPhoneSimulator.Deploy.0 = Release|x86
		{1FFA0F26-5B4D-4C1B-9FDB-E1FB13B8EB9E}.AppStore|x64.ActiveCfg = Release|x64
		{1FFA0F26-5B4D-4C1B-9FDB-E1FB13B8EB9E}.AppStore|x64.Build.0 = Release|x64
		{1FFA0F26-5B4D-4C1B-9FDB-E1FB13B8EB9E}.AppStore|x64.Deploy.0 = Release|x64
		{1FFA0F26-5B4D-4C1B-9FDB-E1FB13B8EB9E}.AppStore|x86.ActiveCfg = Release|x86
		{1FFA0F26-5B4D-4C1B-9FDB-E1FB13B8EB9E}.AppStore|x86.Build.0 = Release|x86
		{1FFA0F26-5B4D-4C1B-9FDB-E1FB13B8EB9E}.AppStore|x86.Deploy.0 = Release|x86
		{1FFA0F26-5B4D-4C1B-9FDB-E1FB13B8EB9E}.Debug|Any CPU.ActiveCfg = Debug|x86
		{1FFA0F26-5B4D-4C1B-9FDB-E1FB13B8EB9E}.Debug|Any CPU.Build.0 = Debug|x86
		{1FFA0F26-5B4D-4C1B-9FDB-E1FB13B8EB9E}.Debug|Any CPU.Deploy.0 = Debug|x86
		{1FFA0F26-5B4D-4C1B-9FDB-E1FB13B8EB9E}.Debug|ARM.ActiveCfg = Debug|ARM
		{1FFA0F26-5B4D-4C1B-9FDB-E1FB13B8EB9E}.Debug|ARM.Build.0 = Debug|ARM
		{1FFA0F26-5B4D-4C1B-9FDB-E1FB13B8EB9E}.Debug|ARM.Deploy.0 = Debug|ARM
		{1FFA0F26-5B4D-4C1B-9FDB-E1FB13B8EB9E}.Debug|iPhone.ActiveCfg = Debug|x86
		{1FFA0F26-5B4D-4C1B-9FDB-E1FB13B8EB9E}.Debug|iPhone.Build.0 = Debug|x86
		{1FFA0F26-5B4D-4C1B-9FDB-E1FB13B8EB9E}.Debug|iPhone.Deploy.0 = Debug|x86
		{1FFA0F26-5B4D-4C1B-9FDB-E1FB13B8EB9E}.Debug|iPhoneSimulator.ActiveCfg = Debug|x86
		{1FFA0F26-5B4D-4C1B-9FDB-E1FB13B8EB9E}.Debug|iPhoneSimulator.Build.0 = Debug|x86
		{1FFA0F26-5B4D-4C1B-9FDB-E1FB13B8EB9E}.Debug|iPhoneSimulator.Deploy.0 = Debug|x86
		{1FFA0F26-5B4D-4C1B-9FDB-E1FB13B8EB9E}.Debug|x64.ActiveCfg = Debug|x64
		{1FFA0F26-5B4D-4C1B-9FDB-E1FB13B8EB9E}.Debug|x64.Build.0 = Debug|x64
		{1FFA0F26-5B4D-4C1B-9FDB-E1FB13B8EB9E}.Debug|x64.Deploy.0 = Debug|x64
		{1FFA0F26-5B4D-4C1B-9FDB-E1FB13B8EB9E}.Debug|x86.ActiveCfg = Debug|x86
		{1FFA0F26-5B4D-4C1B-9FDB-E1FB13B8EB9E}.Debug|x86.Build.0 = Debug|x86
		{1FFA0F26-5B4D-4C1B-9FDB-E1FB13B8EB9E}.Debug|x86.Deploy.0 = Debug|x86
		{1FFA0F26-5B4D-4C1B-9FDB-E1FB13B8EB9E}.Release|Any CPU.ActiveCfg = Release|x86
		{1FFA0F26-5B4D-4C1B-9FDB-E1FB13B8EB9E}.Release|Any CPU.Build.0 = Release|x86
		{1FFA0F26-5B4D-4C1B-9FDB-E1FB13B8EB9E}.Release|Any CPU.Deploy.0 = Release|x86
		{1FFA0F26-5B4D-4C1B-9FDB-E1FB13B8EB9E}.Release|ARM.ActiveCfg = Release|ARM
		{1FFA0F26-5B4D-4C1B-9FDB-E1FB13B8EB9E}.Release|ARM.Build.0 = Release|ARM
		{1FFA0F26-5B4D-4C1B-9FDB-E1FB13B8EB9E}.Release|ARM.Deploy.0 = Release|ARM
		{1FFA0F26-5B4D-4C1B-9FDB-E1FB13B8EB9E}.Release|iPhone.ActiveCfg = Release|x86
		{1FFA0F26-5B4D-4C1B-9FDB-E1FB13B8EB9E}.Release|iPhone.Build.0 = Release|x86
		{1FFA0F26-5B4D-4C1B-9FDB-E1FB13B8EB9E}.Release|iPhone.Deploy.0 = Release|x86
		{1FFA0F26-5B4D-4C1B-9FDB-E1FB13B8EB9E}.Release|iPhoneSimulator.ActiveCfg = Release|x86
		{1FFA0F26-5B4D-4C1B-9FDB-E1FB13B8EB9E}.Release|iPhoneSimulator.Build.0 = Release|x86
		{1FFA0F26-5B4D-4C1B-9FDB-E1FB13B8EB9E}.Release|iPhoneSimulator.Deploy.0 = Release|x86
		{1FFA0F26-5B4D-4C1B-9FDB-E1FB13B8EB9E}.Release|x64.ActiveCfg = Release|x64
		{1FFA0F26-5B4D-4C1B-9FDB-E1FB13B8EB9E}.Release|x64.Build.0 = Release|x64
		{1FFA0F26-5B4D-4C1B-9FDB-E1FB13B8EB9E}.Release|x64.Deploy.0 = Release|x64
		{1FFA0F26-5B4D-4C1B-9FDB-E1FB13B8EB9E}.Release|x86.ActiveCfg = Release|x86
		{1FFA0F26-5B4D-4C1B-9FDB-E1FB13B8EB9E}.Release|x86.Build.0 = Release|x86
		{1FFA0F26-5B4D-4C1B-9FDB-E1FB13B8EB9E}.Release|x86.Deploy.0 = Release|x86
		{C7CD7918-5313-41BB-832C-6BAE27E3ECBA}.Ad-Hoc|Any CPU.ActiveCfg = Debug|Any CPU
		{C7CD7918-5313-41BB-832C-6BAE27E3ECBA}.Ad-Hoc|Any CPU.Build.0 = Debug|Any CPU
		{C7CD7918-5313-41BB-832C-6BAE27E3ECBA}.Ad-Hoc|Any CPU.Deploy.0 = Debug|Any CPU
		{C7CD7918-5313-41BB-832C-6BAE27E3ECBA}.Ad-Hoc|ARM.ActiveCfg = Debug|Any CPU
		{C7CD7918-5313-41BB-832C-6BAE27E3ECBA}.Ad-Hoc|ARM.Build.0 = Debug|Any CPU
		{C7CD7918-5313-41BB-832C-6BAE27E3ECBA}.Ad-Hoc|ARM.Deploy.0 = Debug|Any CPU
		{C7CD7918-5313-41BB-832C-6BAE27E3ECBA}.Ad-Hoc|iPhone.ActiveCfg = Debug|Any CPU
		{C7CD7918-5313-41BB-832C-6BAE27E3ECBA}.Ad-Hoc|iPhone.Build.0 = Debug|Any CPU
		{C7CD7918-5313-41BB-832C-6BAE27E3ECBA}.Ad-Hoc|iPhone.Deploy.0 = Debug|Any CPU
		{C7CD7918-5313-41BB-832C-6BAE27E3ECBA}.Ad-Hoc|iPhoneSimulator.ActiveCfg = Debug|Any CPU
		{C7CD7918-5313-41BB-832C-6BAE27E3ECBA}.Ad-Hoc|iPhoneSimulator.Build.0 = Debug|Any CPU
		{C7CD7918-5313-41BB-832C-6BAE27E3ECBA}.Ad-Hoc|iPhoneSimulator.Deploy.0 = Debug|Any CPU
		{C7CD7918-5313-41BB-832C-6BAE27E3ECBA}.Ad-Hoc|x64.ActiveCfg = Debug|Any CPU
		{C7CD7918-5313-41BB-832C-6BAE27E3ECBA}.Ad-Hoc|x64.Build.0 = Debug|Any CPU
		{C7CD7918-5313-41BB-832C-6BAE27E3ECBA}.Ad-Hoc|x64.Deploy.0 = Debug|Any CPU
		{C7CD7918-5313-41BB-832C-6BAE27E3ECBA}.Ad-Hoc|x86.ActiveCfg = Debug|Any CPU
		{C7CD7918-5313-41BB-832C-6BAE27E3ECBA}.Ad-Hoc|x86.Build.0 = Debug|Any CPU
		{C7CD7918-5313-41BB-832C-6BAE27E3ECBA}.Ad-Hoc|x86.Deploy.0 = Debug|Any CPU
		{C7CD7918-5313-41BB-832C-6BAE27E3ECBA}.AppStore|Any CPU.ActiveCfg = Debug|Any CPU
		{C7CD7918-5313-41BB-832C-6BAE27E3ECBA}.AppStore|Any CPU.Build.0 = Debug|Any CPU
		{C7CD7918-5313-41BB-832C-6BAE27E3ECBA}.AppStore|Any CPU.Deploy.0 = Debug|Any CPU
		{C7CD7918-5313-41BB-832C-6BAE27E3ECBA}.AppStore|ARM.ActiveCfg = Debug|Any CPU
		{C7CD7918-5313-41BB-832C-6BAE27E3ECBA}.AppStore|ARM.Build.0 = Debug|Any CPU
		{C7CD7918-5313-41BB-832C-6BAE27E3ECBA}.AppStore|ARM.Deploy.0 = Debug|Any CPU
		{C7CD7918-5313-41BB-832C-6BAE27E3ECBA}.AppStore|iPhone.ActiveCfg = Debug|Any CPU
		{C7CD7918-5313-41BB-832C-6BAE27E3ECBA}.AppStore|iPhone.Build.0 = Debug|Any CPU
		{C7CD7918-5313-41BB-832C-6BAE27E3ECBA}.AppStore|iPhone.Deploy.0 = Debug|Any CPU
		{C7CD7918-5313-41BB-832C-6BAE27E3ECBA}.AppStore|iPhoneSimulator.ActiveCfg = Debug|Any CPU
		{C7CD7918-5313-41BB-832C-6BAE27E3ECBA}.AppStore|iPhoneSimulator.Build.0 = Debug|Any CPU
		{C7CD7918-5313-41BB-832C-6BAE27E3ECBA}.AppStore|iPhoneSimulator.Deploy.0 = Debug|Any CPU
		{C7CD7918-5313-41BB-832C-6BAE27E3ECBA}.AppStore|x64.ActiveCfg = Debug|Any CPU
		{C7CD7918-5313-41BB-832C-6BAE27E3ECBA}.AppStore|x64.Build.0 = Debug|Any CPU
		{C7CD7918-5313-41BB-832C-6BAE27E3ECBA}.AppStore|x64.Deploy.0 = Debug|Any CPU
		{C7CD7918-5313-41BB-832C-6BAE27E3ECBA}.AppStore|x86.ActiveCfg = Debug|Any CPU
		{C7CD7918-5313-41BB-832C-6BAE27E3ECBA}.AppStore|x86.Build.0 = Debug|Any CPU
		{C7CD7918-5313-41BB-832C-6BAE27E3ECBA}.AppStore|x86.Deploy.0 = Debug|Any CPU
		{C7CD7918-5313-41BB-832C-6BAE27E3ECBA}.Debug|Any CPU.ActiveCfg = Debug|Any CPU
		{C7CD7918-5313-41BB-832C-6BAE27E3ECBA}.Debug|Any CPU.Build.0 = Debug|Any CPU
		{C7CD7918-5313-41BB-832C-6BAE27E3ECBA}.Debug|Any CPU.Deploy.0 = Debug|Any CPU
		{C7CD7918-5313-41BB-832C-6BAE27E3ECBA}.Debug|ARM.ActiveCfg = Debug|Any CPU
		{C7CD7918-5313-41BB-832C-6BAE27E3ECBA}.Debug|ARM.Build.0 = Debug|Any CPU
		{C7CD7918-5313-41BB-832C-6BAE27E3ECBA}.Debug|ARM.Deploy.0 = Debug|Any CPU
		{C7CD7918-5313-41BB-832C-6BAE27E3ECBA}.Debug|iPhone.ActiveCfg = Debug|Any CPU
		{C7CD7918-5313-41BB-832C-6BAE27E3ECBA}.Debug|iPhone.Build.0 = Debug|Any CPU
		{C7CD7918-5313-41BB-832C-6BAE27E3ECBA}.Debug|iPhone.Deploy.0 = Debug|Any CPU
		{C7CD7918-5313-41BB-832C-6BAE27E3ECBA}.Debug|iPhoneSimulator.ActiveCfg = Debug|Any CPU
		{C7CD7918-5313-41BB-832C-6BAE27E3ECBA}.Debug|iPhoneSimulator.Build.0 = Debug|Any CPU
		{C7CD7918-5313-41BB-832C-6BAE27E3ECBA}.Debug|iPhoneSimulator.Deploy.0 = Debug|Any CPU
		{C7CD7918-5313-41BB-832C-6BAE27E3ECBA}.Debug|x64.ActiveCfg = Debug|Any CPU
		{C7CD7918-5313-41BB-832C-6BAE27E3ECBA}.Debug|x64.Build.0 = Debug|Any CPU
		{C7CD7918-5313-41BB-832C-6BAE27E3ECBA}.Debug|x64.Deploy.0 = Debug|Any CPU
		{C7CD7918-5313-41BB-832C-6BAE27E3ECBA}.Debug|x86.ActiveCfg = Debug|Any CPU
		{C7CD7918-5313-41BB-832C-6BAE27E3ECBA}.Debug|x86.Build.0 = Debug|Any CPU
		{C7CD7918-5313-41BB-832C-6BAE27E3ECBA}.Debug|x86.Deploy.0 = Debug|Any CPU
		{C7CD7918-5313-41BB-832C-6BAE27E3ECBA}.Release|Any CPU.ActiveCfg = Release|Any CPU
		{C7CD7918-5313-41BB-832C-6BAE27E3ECBA}.Release|Any CPU.Build.0 = Release|Any CPU
		{C7CD7918-5313-41BB-832C-6BAE27E3ECBA}.Release|Any CPU.Deploy.0 = Release|Any CPU
		{C7CD7918-5313-41BB-832C-6BAE27E3ECBA}.Release|ARM.ActiveCfg = Release|Any CPU
		{C7CD7918-5313-41BB-832C-6BAE27E3ECBA}.Release|ARM.Build.0 = Release|Any CPU
		{C7CD7918-5313-41BB-832C-6BAE27E3ECBA}.Release|ARM.Deploy.0 = Release|Any CPU
		{C7CD7918-5313-41BB-832C-6BAE27E3ECBA}.Release|iPhone.ActiveCfg = Release|Any CPU
		{C7CD7918-5313-41BB-832C-6BAE27E3ECBA}.Release|iPhone.Build.0 = Release|Any CPU
		{C7CD7918-5313-41BB-832C-6BAE27E3ECBA}.Release|iPhone.Deploy.0 = Release|Any CPU
		{C7CD7918-5313-41BB-832C-6BAE27E3ECBA}.Release|iPhoneSimulator.ActiveCfg = Release|Any CPU
		{C7CD7918-5313-41BB-832C-6BAE27E3ECBA}.Release|iPhoneSimulator.Build.0 = Release|Any CPU
		{C7CD7918-5313-41BB-832C-6BAE27E3ECBA}.Release|iPhoneSimulator.Deploy.0 = Release|Any CPU
		{C7CD7918-5313-41BB-832C-6BAE27E3ECBA}.Release|x64.ActiveCfg = Release|Any CPU
		{C7CD7918-5313-41BB-832C-6BAE27E3ECBA}.Release|x64.Build.0 = Release|Any CPU
		{C7CD7918-5313-41BB-832C-6BAE27E3ECBA}.Release|x64.Deploy.0 = Release|Any CPU
		{C7CD7918-5313-41BB-832C-6BAE27E3ECBA}.Release|x86.ActiveCfg = Release|Any CPU
		{C7CD7918-5313-41BB-832C-6BAE27E3ECBA}.Release|x86.Build.0 = Release|Any CPU
		{C7CD7918-5313-41BB-832C-6BAE27E3ECBA}.Release|x86.Deploy.0 = Release|Any CPU
	EndGlobalSection
	GlobalSection(SolutionProperties) = preSolution
		HideSolutionNode = FALSE
	EndGlobalSection
	GlobalSection(ExtensibilityGlobals) = postSolution
		SolutionGuid = {65B04C35-BA77-47A2-9853-E70C84B45A86}
	EndGlobalSection
EndGlobal
